
Microsoft Visual Studio Solution File, Format Version 12.00
# Visual Studio Version 16
VisualStudioVersion = 16.0.29728.190
MinimumVisualStudioVersion = 10.0.40219.1
Project("{8BC9CEB8-8B4A-11D0-8D11-00A0C91BC942}") = "HW_DynamicArray", "INFO\INFO.vcxproj", "{E34B2FF7-0F35-41D1-9567-DAF56A2AF16D}"
EndProject
Project("{8BC9CEB8-8B4A-11D0-8D11-00A0C91BC942}") = "HW_Stack", "HW_Stack\HW_Stack.vcxproj", "{6B889141-C316-43AA-B318-F33D64C17D26}"
EndProject
Project("{8BC9CEB8-8B4A-11D0-8D11-00A0C91BC942}") = "HW_Queue", "HW_Queue\HW_Queue.vcxproj", "{57DA6D31-183B-4695-BE93-14960054B1ED}"
EndProject
Project("{8BC9CEB8-8B4A-11D0-8D11-00A0C91BC942}") = "HW_ReversePolishNotation", "HW_ReversePolishNotation\HW_ReversePolishNotation.vcxproj", "{1B49633E-E5D0-46C7-B79D-526019BB7A8A}"
EndProject
Project("{8BC9CEB8-8B4A-11D0-8D11-00A0C91BC942}") = "HW_SingleLinkedLists", "HW_SingleLinkedLists\HW_SingleLinkedLists.vcxproj", "{0D4C1EFA-B15E-4041-B455-3383C5EFD779}"
EndProject
Project("{8BC9CEB8-8B4A-11D0-8D11-00A0C91BC942}") = "HW_Infix2Postfix", "HW_Infix2Postfix\HW_Infix2Postfix.vcxproj", "{124AC01B-C3CD-472A-A81F-02470C52B7F8}"
EndProject
Project("{8BC9CEB8-8B4A-11D0-8D11-00A0C91BC942}") = "HW_BinarySearchTree", "HW_BinarySearchTree\HW_BinarySearchTree.vcxproj", "{389ED0D8-D603-4B4A-88A6-B8A0743A289A}"
EndProject
Global
	GlobalSection(SolutionConfigurationPlatforms) = preSolution
		Debug|x64 = Debug|x64
		Debug|x86 = Debug|x86
		Release|x64 = Release|x64
		Release|x86 = Release|x86
	EndGlobalSection
	GlobalSection(ProjectConfigurationPlatforms) = postSolution
		{E34B2FF7-0F35-41D1-9567-DAF56A2AF16D}.Debug|x64.ActiveCfg = Debug|x64
		{E34B2FF7-0F35-41D1-9567-DAF56A2AF16D}.Debug|x64.Build.0 = Debug|x64
		{E34B2FF7-0F35-41D1-9567-DAF56A2AF16D}.Debug|x86.ActiveCfg = Debug|Win32
		{E34B2FF7-0F35-41D1-9567-DAF56A2AF16D}.Debug|x86.Build.0 = Debug|Win32
		{E34B2FF7-0F35-41D1-9567-DAF56A2AF16D}.Release|x64.ActiveCfg = Release|x64
		{E34B2FF7-0F35-41D1-9567-DAF56A2AF16D}.Release|x64.Build.0 = Release|x64
		{E34B2FF7-0F35-41D1-9567-DAF56A2AF16D}.Release|x86.ActiveCfg = Release|Win32
		{E34B2FF7-0F35-41D1-9567-DAF56A2AF16D}.Release|x86.Build.0 = Release|Win32
		{6B889141-C316-43AA-B318-F33D64C17D26}.Debug|x64.ActiveCfg = Debug|x64
		{6B889141-C316-43AA-B318-F33D64C17D26}.Debug|x64.Build.0 = Debug|x64
		{6B889141-C316-43AA-B318-F33D64C17D26}.Debug|x86.ActiveCfg = Debug|Win32
		{6B889141-C316-43AA-B318-F33D64C17D26}.Debug|x86.Build.0 = Debug|Win32
		{6B889141-C316-43AA-B318-F33D64C17D26}.Release|x64.ActiveCfg = Release|x64
		{6B889141-C316-43AA-B318-F33D64C17D26}.Release|x64.Build.0 = Release|x64
		{6B889141-C316-43AA-B318-F33D64C17D26}.Release|x86.ActiveCfg = Release|Win32
		{6B889141-C316-43AA-B318-F33D64C17D26}.Release|x86.Build.0 = Release|Win32
		{57DA6D31-183B-4695-BE93-14960054B1ED}.Debug|x64.ActiveCfg = Debug|x64
		{57DA6D31-183B-4695-BE93-14960054B1ED}.Debug|x64.Build.0 = Debug|x64
		{57DA6D31-183B-4695-BE93-14960054B1ED}.Debug|x86.ActiveCfg = Debug|Win32
		{57DA6D31-183B-4695-BE93-14960054B1ED}.Debug|x86.Build.0 = Debug|Win32
		{57DA6D31-183B-4695-BE93-14960054B1ED}.Release|x64.ActiveCfg = Release|x64
		{57DA6D31-183B-4695-BE93-14960054B1ED}.Release|x64.Build.0 = Release|x64
		{57DA6D31-183B-4695-BE93-14960054B1ED}.Release|x86.ActiveCfg = Release|Win32
		{57DA6D31-183B-4695-BE93-14960054B1ED}.Release|x86.Build.0 = Release|Win32
		{1B49633E-E5D0-46C7-B79D-526019BB7A8A}.Debug|x64.ActiveCfg = Debug|x64
		{1B49633E-E5D0-46C7-B79D-526019BB7A8A}.Debug|x64.Build.0 = Debug|x64
		{1B49633E-E5D0-46C7-B79D-526019BB7A8A}.Debug|x86.ActiveCfg = Debug|Win32
		{1B49633E-E5D0-46C7-B79D-526019BB7A8A}.Debug|x86.Build.0 = Debug|Win32
		{1B49633E-E5D0-46C7-B79D-526019BB7A8A}.Release|x64.ActiveCfg = Release|x64
		{1B49633E-E5D0-46C7-B79D-526019BB7A8A}.Release|x64.Build.0 = Release|x64
		{1B49633E-E5D0-46C7-B79D-526019BB7A8A}.Release|x86.ActiveCfg = Release|Win32
		{1B49633E-E5D0-46C7-B79D-526019BB7A8A}.Release|x86.Build.0 = Release|Win32
		{0D4C1EFA-B15E-4041-B455-3383C5EFD779}.Debug|x64.ActiveCfg = Debug|x64
		{0D4C1EFA-B15E-4041-B455-3383C5EFD779}.Debug|x64.Build.0 = Debug|x64
		{0D4C1EFA-B15E-4041-B455-3383C5EFD779}.Debug|x86.ActiveCfg = Debug|Win32
		{0D4C1EFA-B15E-4041-B455-3383C5EFD779}.Debug|x86.Build.0 = Debug|Win32
		{0D4C1EFA-B15E-4041-B455-3383C5EFD779}.Release|x64.ActiveCfg = Release|x64
		{0D4C1EFA-B15E-4041-B455-3383C5EFD779}.Release|x64.Build.0 = Release|x64
		{0D4C1EFA-B15E-4041-B455-3383C5EFD779}.Release|x86.ActiveCfg = Release|Win32
		{0D4C1EFA-B15E-4041-B455-3383C5EFD779}.Release|x86.Build.0 = Release|Win32
		{124AC01B-C3CD-472A-A81F-02470C52B7F8}.Debug|x64.ActiveCfg = Debug|x64
		{124AC01B-C3CD-472A-A81F-02470C52B7F8}.Debug|x64.Build.0 = Debug|x64
		{124AC01B-C3CD-472A-A81F-02470C52B7F8}.Debug|x86.ActiveCfg = Debug|Win32
		{124AC01B-C3CD-472A-A81F-02470C52B7F8}.Debug|x86.Build.0 = Debug|Win32
		{124AC01B-C3CD-472A-A81F-02470C52B7F8}.Release|x64.ActiveCfg = Release|x64
		{124AC01B-C3CD-472A-A81F-02470C52B7F8}.Release|x64.Build.0 = Release|x64
		{124AC01B-C3CD-472A-A81F-02470C52B7F8}.Release|x86.ActiveCfg = Release|Win32
		{124AC01B-C3CD-472A-A81F-02470C52B7F8}.Release|x86.Build.0 = Release|Win32
		{389ED0D8-D603-4B4A-88A6-B8A0743A289A}.Debug|x64.ActiveCfg = Debug|x64
		{389ED0D8-D603-4B4A-88A6-B8A0743A289A}.Debug|x64.Build.0 = Debug|x64
		{389ED0D8-D603-4B4A-88A6-B8A0743A289A}.Debug|x86.ActiveCfg = Debug|Win32
		{389ED0D8-D603-4B4A-88A6-B8A0743A289A}.Debug|x86.Build.0 = Debug|Win32
		{389ED0D8-D603-4B4A-88A6-B8A0743A289A}.Release|x64.ActiveCfg = Release|x64
		{389ED0D8-D603-4B4A-88A6-B8A0743A289A}.Release|x64.Build.0 = Release|x64
		{389ED0D8-D603-4B4A-88A6-B8A0743A289A}.Release|x86.ActiveCfg = Release|Win32
		{389ED0D8-D603-4B4A-88A6-B8A0743A289A}.Release|x86.Build.0 = Release|Win32
	EndGlobalSection
	GlobalSection(SolutionProperties) = preSolution
		HideSolutionNode = FALSE
	EndGlobalSection
	GlobalSection(ExtensibilityGlobals) = postSolution
		SolutionGuid = {5DDF7598-9628-49E3-A7AE-10CF7B7C9DF8}
	EndGlobalSection
EndGlobal
